// !$*UTF8*$!
{
	archiveVersion = 1;
	classes = {
	};
	objectVersion = 50;
	objects = {

/* Begin PBXBuildFile section */
		1F767FD72348E44E00A0BE3E /* AppDelegate.swift in Sources */ = {isa = PBXBuildFile; fileRef = 1F767FD62348E44E00A0BE3E /* AppDelegate.swift */; };
		1F767FD92348E44E00A0BE3E /* SceneDelegate.swift in Sources */ = {isa = PBXBuildFile; fileRef = 1F767FD82348E44E00A0BE3E /* SceneDelegate.swift */; };
		1F767FDB2348E44E00A0BE3E /* ViewController.swift in Sources */ = {isa = PBXBuildFile; fileRef = 1F767FDA2348E44E00A0BE3E /* ViewController.swift */; };
		1F767FDE2348E44E00A0BE3E /* Main.storyboard in Resources */ = {isa = PBXBuildFile; fileRef = 1F767FDC2348E44E00A0BE3E /* Main.storyboard */; };
		1F767FE02348E44F00A0BE3E /* Assets.xcassets in Resources */ = {isa = PBXBuildFile; fileRef = 1F767FDF2348E44F00A0BE3E /* Assets.xcassets */; };
		1F767FE32348E44F00A0BE3E /* LaunchScreen.storyboard in Resources */ = {isa = PBXBuildFile; fileRef = 1F767FE12348E44F00A0BE3E /* LaunchScreen.storyboard */; };
/* End PBXBuildFile section */

/* Begin PBXFileReference section */
		1F767FD32348E44E00A0BE3E /* StackView作業.app */ = {isa = PBXFileReference; explicitFileType = wrapper.application; includeInIndex = 0; path = "StackView作業.app"; sourceTree = BUILT_PRODUCTS_DIR; };
		1F767FD62348E44E00A0BE3E /* AppDelegate.swift */ = {isa = PBXFileReference; lastKnownFileType = sourcecode.swift; path = AppDelegate.swift; sourceTree = "<group>"; };
		1F767FD82348E44E00A0BE3E /* SceneDelegate.swift */ = {isa = PBXFileReference; lastKnownFileType = sourcecode.swift; path = SceneDelegate.swift; sourceTree = "<group>"; };
		1F767FDA2348E44E00A0BE3E /* ViewController.swift */ = {isa = PBXFileReference; lastKnownFileType = sourcecode.swift; path = ViewController.swift; sourceTree = "<group>"; };
		1F767FDD2348E44E00A0BE3E /* Base */ = {isa = PBXFileReference; lastKnownFileType = file.storyboard; name = Base; path = Base.lproj/Main.storyboard; sourceTree = "<group>"; };
		1F767FDF2348E44F00A0BE3E /* Assets.xcassets */ = {isa = PBXFileReference; lastKnownFileType = folder.assetcatalog; path = Assets.xcassets; sourceTree = "<group>"; };
		1F767FE22348E44F00A0BE3E /* Base */ = {isa = PBXFileReference; lastKnownFileType = file.storyboard; name = Base; path = Base.lproj/LaunchScreen.storyboard; sourceTree = "<group>"; };
		1F767FE42348E44F00A0BE3E /* Info.plist */ = {isa = PBXFileReference; lastKnownFileType = text.plist.xml; path = Info.plist; sourceTree = "<group>"; };
/* End PBXFileReference section */

/* Begin PBXFrameworksBuildPhase section */
		1F767FD02348E44E00A0BE3E /* Frameworks */ = {
			isa = PBXFrameworksBuildPhase;
			buildActionMask = 2147483647;
			files = (
			);
			runOnlyForDeploymentPostprocessing = 0;
		};
/* End PBXFrameworksBuildPhase section */

/* Begin PBXGroup section */
		1F767FCA2348E44E00A0BE3E = {
			isa = PBXGroup;
			children = (
				1F767FD52348E44E00A0BE3E /* StackView作業 */,
				1F767FD42348E44E00A0BE3E /* Products */,
			);
			sourceTree = "<group>";
		};
		1F767FD42348E44E00A0BE3E /* Products */ = {
			isa = PBXGroup;
			children = (
				1F767FD32348E44E00A0BE3E /* StackView作業.app */,
			);
			name = Products;
			sourceTree = "<group>";
		};
		1F767FD52348E44E00A0BE3E /* StackView作業 */ = {
			isa = PBXGroup;
			children = (
				1F767FD62348E44E00A0BE3E /* AppDelegate.swift */,
				1F767FD82348E44E00A0BE3E /* SceneDelegate.swift */,
				1F767FDA2348E44E00A0BE3E /* ViewController.swift */,
				1F767FDC2348E44E00A0BE3E /* Main.storyboard */,
				1F767FDF2348E44F00A0BE3E /* Assets.xcassets */,
				1F767FE12348E44F00A0BE3E /* LaunchScreen.storyboard */,
				1F767FE42348E44F00A0BE3E /* Info.plist */,
			);
			path = "StackView作業";
			sourceTree = "<group>";
		};
/* End PBXGroup section */

/* Begin PBXNativeTarget section */
		1F767FD22348E44E00A0BE3E /* StackView作業 */ = {
			isa = PBXNativeTarget;
			buildConfigurationList = 1F767FE72348E44F00A0BE3E /* Build configuration list for PBXNativeTarget "StackView作業" */;
			buildPhases = (
				1F767FCF2348E44E00A0BE3E /* Sources */,
				1F767FD02348E44E00A0BE3E /* Frameworks */,
				1F767FD12348E44E00A0BE3E /* Resources */,
			);
			buildRules = (
			);
			dependencies = (
			);
			name = "StackView作業";
			productName = "StackView作業";
			productReference = 1F767FD32348E44E00A0BE3E /* StackView作業.app */;
			productType = "com.apple.product-type.application";
		};
/* End PBXNativeTarget section */

/* Begin PBXProject section */
		1F767FCB2348E44E00A0BE3E /* Project object */ = {
			isa = PBXProject;
			attributes = {
				LastSwiftUpdateCheck = 1100;
				LastUpgradeCheck = 1100;
				ORGANIZATIONNAME = Ryan;
				TargetAttributes = {
					1F767FD22348E44E00A0BE3E = {
						CreatedOnToolsVersion = 11.0;
					};
				};
			};
			buildConfigurationList = 1F767FCE2348E44E00A0BE3E /* Build configuration list for PBXProject "StackView作業" */;
			compatibilityVersion = "Xcode 9.3";
			developmentRegion = en;
			hasScannedForEncodings = 0;
			knownRegions = (
				en,
				Base,
			);
			mainGroup = 1F767FCA2348E44E00A0BE3E;
			productRefGroup = 1F767FD42348E44E00A0BE3E /* Products */;
			projectDirPath = "";
			projectRoot = "";
			targets = (
				1F767FD22348E44E00A0BE3E /* StackView作業 */,
			);
		};
/* End PBXProject section */

/* Begin PBXResourcesBuildPhase section */
		1F767FD12348E44E00A0BE3E /* Resources */ = {
			isa = PBXResourcesBuildPhase;
			buildActionMask = 2147483647;
			files = (
				1F767FE32348E44F00A0BE3E /* LaunchScreen.storyboard in Resources */,
				1F767FE02348E44F00A0BE3E /* Assets.xcassets in Resources */,
				1F767FDE2348E44E00A0BE3E /* Main.storyboard in Resources */,
			);
			runOnlyForDeploymentPostprocessing = 0;
		};
/* End PBXResourcesBuildPhase section */

/* Begin PBXSourcesBuildPhase section */
		1F767FCF2348E44E00A0BE3E /* Sources */ = {
			isa = PBXSourcesBuildPhase;
			buildActionMask = 2147483647;
			files = (
				1F767FDB2348E44E00A0BE3E /* ViewController.swift in Sources */,
				1F767FD72348E44E00A0BE3E /* AppDelegate.swift in Sources */,
				1F767FD92348E44E00A0BE3E /* SceneDelegate.swift in Sources */,
			);
			runOnlyForDeploymentPostprocessing = 0;
		};
/* End PBXSourcesBuildPhase section */

/* Begin PBXVariantGroup section */
		1F767FDC2348E44E00A0BE3E /* Main.storyboard */ = {
			isa = PBXVariantGroup;
			children = (
				1F767FDD2348E44E00A0BE3E /* Base */,
			);
			name = Main.storyboard;
			sourceTree = "<group>";
		};
		1F767FE12348E44F00A0BE3E /* LaunchScreen.storyboard */ = {
			isa = PBXVariantGroup;
			children = (
				1F767FE22348E44F00A0BE3E /* Base */,
			);
			name = LaunchScreen.storyboard;
			sourceTree = "<group>";
		};
/* End PBXVariantGroup section */

/* Begin XCBuildConfiguration section */
		1F767FE52348E44F00A0BE3E /* Debug */ = {
			isa = XCBuildConfiguration;
			buildSettings = {
				ALWAYS_SEARCH_USER_PATHS = NO;
				CLANG_ANALYZER_NONNULL = YES;
				CLANG_ANALYZER_NUMBER_OBJECT_CONVERSION = YES_AGGRESSIVE;
				CLANG_CXX_LANGUAGE_STANDARD = "gnu++14";
				CLANG_CXX_LIBRARY = "libc++";
				CLANG_ENABLE_MODULES = YES;
				CLANG_ENABLE_OBJC_ARC = YES;
				CLANG_ENABLE_OBJC_WEAK = YES;
				CLANG_WARN_BLOCK_CAPTURE_AUTORELEASING = YES;
				CLANG_WARN_BOOL_CONVERSION = YES;
				CLANG_WARN_COMMA = YES;
				CLANG_WARN_CONSTANT_CONVERSION = YES;
				CLANG_WARN_DEPRECATED_OBJC_IMPLEMENTATIONS = YES;
				CLANG_WARN_DIRECT_OBJC_ISA_USAGE = YES_ERROR;
				CLANG_WARN_DOCUMENTATION_COMMENTS = YES;
				CLANG_WARN_EMPTY_BODY = YES;
				CLANG_WARN_ENUM_CONVERSION = YES;
				CLANG_WARN_INFINITE_RECURSION = YES;
				CLANG_WARN_INT_CONVERSION = YES;
				CLANG_WARN_NON_LITERAL_NULL_CONVERSION = YES;
				CLANG_WARN_OBJC_IMPLICIT_RETAIN_SELF = YES;
				CLANG_WARN_OBJC_LITERAL_CONVERSION = YES;
				CLANG_WARN_OBJC_ROOT_CLASS = YES_ERROR;
				CLANG_WARN_RANGE_LOOP_ANALYSIS = YES;
				CLANG_WARN_STRICT_PROTOTYPES = YES;
				CLANG_WARN_SUSPICIOUS_MOVE = YES;
				CLANG_WARN_UNGUARDED_AVAILABILITY = YES_AGGRESSIVE;
				CLANG_WARN_UNREACHABLE_CODE = YES;
				CLANG_WARN__DUPLICATE_METHOD_MATCH = YES;
				COPY_PHASE_STRIP = NO;
				DEBUG_INFORMATION_FORMAT = dwarf;
				ENABLE_STRICT_OBJC_MSGSEND = YES;
				ENABLE_TESTABILITY = YES;
				GCC_C_LANGUAGE_STANDARD = gnu11;
				GCC_DYNAMIC_NO_PIC = NO;
				GCC_NO_COMMON_BLOCKS = YES;
				GCC_OPTIMIZATION_LEVEL = 0;
				GCC_PREPROCESSOR_DEFINITIONS = (
					"DEBUG=1",
					"$(inherited)",
				);
				GCC_WARN_64_TO_32_BIT_CONVERSION = YES;
				GCC_WARN_ABOUT_RETURN_TYPE = YES_ERROR;
				GCC_WARN_UNDECLARED_SELECTOR = YES;
				GCC_WARN_UNINITIALIZED_AUTOS = YES_AGGRESSIVE;
				GCC_WARN_UNUSED_FUNCTION = YES;
				GCC_WARN_UNUSED_VARIABLE = YES;
				IPHONEOS_DEPLOYMENT_TARGET = 13.0;
				MTL_ENABLE_DEBUG_INFO = INCLUDE_SOURCE;
				MTL_FAST_MATH = YES;
				ONLY_ACTIVE_ARCH = YES;
				SDKROOT = iphoneos;
				SWIFT_ACTIVE_COMPILATION_CONDITIONS = DEBUG;
				SWIFT_OPTIMIZATION_LEVEL = "-Onone";
			};
			name = Debug;
		};
		1F767FE62348E44F00A0BE3E /* Release */ = {
			isa = XCBuildConfiguration;
			buildSettings = {
				ALWAYS_SEARCH_USER_PATHS = NO;
				CLANG_ANALYZER_NONNULL = YES;
				CLANG_ANALYZER_NUMBER_OBJECT_CONVERSION = YES_AGGRESSIVE;
				CLANG_CXX_LANGUAGE_STANDARD = "gnu++14";
				CLANG_CXX_LIBRARY = "libc++";
				CLANG_ENABLE_MODULES = YES;
				CLANG_ENABLE_OBJC_ARC = YES;
				CLANG_ENABLE_OBJC_WEAK = YES;
				CLANG_WARN_BLOCK_CAPTURE_AUTORELEASING = YES;
				CLANG_WARN_BOOL_CONVERSION = YES;
				CLANG_WARN_COMMA = YES;
				CLANG_WARN_CONSTANT_CONVERSION = YES;
				CLANG_WARN_DEPRECATED_OBJC_IMPLEMENTATIONS = YES;
				CLANG_WARN_DIRECT_OBJC_ISA_USAGE = YES_ERROR;
				CLANG_WARN_DOCUMENTATION_COMMENTS = YES;
				CLANG_WARN_EMPTY_BODY = YES;
				CLANG_WARN_ENUM_CONVERSION = YES;
				CLANG_WARN_INFINITE_RECURSION = YES;
				CLANG_WARN_INT_CONVERSION = YES;
				CLANG_WARN_NON_LITERAL_NULL_CONVERSION = YES;
				CLANG_WARN_OBJC_IMPLICIT_RETAIN_SELF = YES;
				CLANG_WARN_OBJC_LITERAL_CONVERSION = YES;
				CLANG_WARN_OBJC_ROOT_CLASS = YES_ERROR;
				CLANG_WARN_RANGE_LOOP_ANALYSIS = YES;
				CLANG_WARN_STRICT_PROTOTYPES = YES;
				CLANG_WARN_SUSPICIOUS_MOVE = YES;
				CLANG_WARN_UNGUARDED_AVAILABILITY = YES_AGGRESSIVE;
				CLANG_WARN_UNREACHABLE_CODE = YES;
				CLANG_WARN__DUPLICATE_METHOD_MATCH = YES;
				COPY_PHASE_STRIP = NO;
				DEBUG_INFORMATION_FORMAT = "dwarf-with-dsym";
				ENABLE_NS_ASSERTIONS = NO;
				ENABLE_STRICT_OBJC_MSGSEND = YES;
				GCC_C_LANGUAGE_STANDARD = gnu11;
				GCC_NO_COMMON_BLOCKS = YES;
				GCC_WARN_64_TO_32_BIT_CONVERSION = YES;
				GCC_WARN_ABOUT_RETURN_TYPE = YES_ERROR;
				GCC_WARN_UNDECLARED_SELECTOR = YES;
				GCC_WARN_UNINITIALIZED_AUTOS = YES_AGGRESSIVE;
				GCC_WARN_UNUSED_FUNCTION = YES;
				GCC_WARN_UNUSED_VARIABLE = YES;
				IPHONEOS_DEPLOYMENT_TARGET = 13.0;
				MTL_ENABLE_DEBUG_INFO = NO;
				MTL_FAST_MATH = YES;
				SDKROOT = iphoneos;
				SWIFT_COMPILATION_MODE = wholemodule;
				SWIFT_OPTIMIZATION_LEVEL = "-O";
				VALIDATE_PRODUCT = YES;
			};
			name = Release;
		};
		1F767FE82348E44F00A0BE3E /* Debug */ = {
			isa = XCBuildConfiguration;
			buildSettings = {
				ASSETCATALOG_COMPILER_APPICON_NAME = AppIcon;
				CODE_SIGN_STYLE = Automatic;
				DEVELOPMENT_TEAM = TYHA8NFL49;
				INFOPLIST_FILE = "StackView作業/Info.plist";
				LD_RUNPATH_SEARCH_PATHS = (
					"$(inherited)",
					"@executable_path/Frameworks",
				);
				PRODUCT_BUNDLE_IDENTIFIER = "com.Ryan.StackView--";
				PRODUCT_NAME = "$(TARGET_NAME)";
				SWIFT_VERSION = 5.0;
				TARGETED_DEVICE_FAMILY = "1,2";
			};
			name = Debug;
		};
		1F767FE92348E44F00A0BE3E /* Release */ = {
			isa = XCBuildConfiguration;
			buildSettings = {
				ASSETCATALOG_COMPILER_APPICON_NAME = AppIcon;
				CODE_SIGN_STYLE = Automatic;
				DEVELOPMENT_TEAM = TYHA8NFL49;
				INFOPLIST_FILE = "StackView作業/Info.plist";
				LD_RUNPATH_SEARCH_PATHS = (
					"$(inherited)",
					"@executable_path/Frameworks",
				);
				PRODUCT_BUNDLE_IDENTIFIER = "com.Ryan.StackView--";
				PRODUCT_NAME = "$(TARGET_NAME)";
				SWIFT_VERSION = 5.0;
				TARGETED_DEVICE_FAMILY = "1,2";
			};
			name = Release;
		};
/* End XCBuildConfiguration section */

/* Begin XCConfigurationList section */
		1F767FCE2348E44E00A0BE3E /* Build configuration list for PBXProject "StackView作業" */ = {
			isa = XCConfigurationList;
			buildConfigurations = (
				1F767FE52348E44F00A0BE3E /* Debug */,
				1F767FE62348E44F00A0BE3E /* Release */,
			);
			defaultConfigurationIsVisible = 0;
			defaultConfigurationName = Release;
		};
		1F767FE72348E44F00A0BE3E /* Build configuration list for PBXNativeTarget "StackView作業" */ = {
			isa = XCConfigurationList;
			buildConfigurations = (
				1F767FE82348E44F00A0BE3E /* Debug */,
				1F767FE92348E44F00A0BE3E /* Release */,
			);
			defaultConfigurationIsVisible = 0;
			defaultConfigurationName = Release;
		};
/* End XCConfigurationList section */
	};
	rootObject = 1F767FCB2348E44E00A0BE3E /* Project object */;
}
